// !$*UTF8*$!
{
	archiveVersion = 1;
	classes = {
	};
	objectVersion = 56;
	objects = {

/* Begin PBXBuildFile section */
		95847BC92B958CFB005ED937 /* SwiftUIWorkshopApp.swift in Sources */ = {isa = PBXBuildFile; fileRef = 95847BC82B958CFB005ED937 /* SwiftUIWorkshopApp.swift */; };
		95847BCB2B958CFB005ED937 /* ContentView.swift in Sources */ = {isa = PBXBuildFile; fileRef = 95847BCA2B958CFB005ED937 /* ContentView.swift */; };
		95847BCD2B958CFD005ED937 /* Assets.xcassets in Resources */ = {isa = PBXBuildFile; fileRef = 95847BCC2B958CFD005ED937 /* Assets.xcassets */; };
		95847BD02B958CFD005ED937 /* Preview Assets.xcassets in Resources */ = {isa = PBXBuildFile; fileRef = 95847BCF2B958CFD005ED937 /* Preview Assets.xcassets */; };
		95847BD72B958ED9005ED937 /* ActionSheetExample.swift in Sources */ = {isa = PBXBuildFile; fileRef = 95847BD62B958ED9005ED937 /* ActionSheetExample.swift */; };
		95847BDD2B959308005ED937 /* Example.swift in Sources */ = {isa = PBXBuildFile; fileRef = 95847BDC2B959308005ED937 /* Example.swift */; };
		95847BE12B95C4B8005ED937 /* Constants.swift in Sources */ = {isa = PBXBuildFile; fileRef = 95847BE02B95C4B8005ED937 /* Constants.swift */; };
		95847BE32B95C5DE005ED937 /* AlertExample.swift in Sources */ = {isa = PBXBuildFile; fileRef = 95847BE22B95C5DE005ED937 /* AlertExample.swift */; };
		95847BE52B96FD7C005ED937 /* AsyncImageExample.swift in Sources */ = {isa = PBXBuildFile; fileRef = 95847BE42B96FD7C005ED937 /* AsyncImageExample.swift */; };
		95847BE72B970459005ED937 /* ButtonsExample.swift in Sources */ = {isa = PBXBuildFile; fileRef = 95847BE62B970459005ED937 /* ButtonsExample.swift */; };
		95847BE92B986072005ED937 /* ColorExample.swift in Sources */ = {isa = PBXBuildFile; fileRef = 95847BE82B986072005ED937 /* ColorExample.swift */; };
		95847BEB2B986426005ED937 /* ColorPickerExample.swift in Sources */ = {isa = PBXBuildFile; fileRef = 95847BEA2B986426005ED937 /* ColorPickerExample.swift */; };
		95847BED2B98660B005ED937 /* DatePickerExample.swift in Sources */ = {isa = PBXBuildFile; fileRef = 95847BEC2B98660B005ED937 /* DatePickerExample.swift */; };
		95847BEF2B9866FD005ED937 /* DividerExample.swift in Sources */ = {isa = PBXBuildFile; fileRef = 95847BEE2B9866FD005ED937 /* DividerExample.swift */; };
		95847BF12B986BC6005ED937 /* ContainerRelativeViewExample.swift in Sources */ = {isa = PBXBuildFile; fileRef = 95847BF02B986BC6005ED937 /* ContainerRelativeViewExample.swift */; };
		95847BF32B99AD73005ED937 /* FormExample.swift in Sources */ = {isa = PBXBuildFile; fileRef = 95847BF22B99AD73005ED937 /* FormExample.swift */; };
/* End PBXBuildFile section */

/* Begin PBXFileReference section */
		95847BC52B958CFB005ED937 /* SwiftUIWorkshop.app */ = {isa = PBXFileReference; explicitFileType = wrapper.application; includeInIndex = 0; path = SwiftUIWorkshop.app; sourceTree = BUILT_PRODUCTS_DIR; };
		95847BC82B958CFB005ED937 /* SwiftUIWorkshopApp.swift */ = {isa = PBXFileReference; lastKnownFileType = sourcecode.swift; path = SwiftUIWorkshopApp.swift; sourceTree = "<group>"; };
		95847BCA2B958CFB005ED937 /* ContentView.swift */ = {isa = PBXFileReference; lastKnownFileType = sourcecode.swift; path = ContentView.swift; sourceTree = "<group>"; };
		95847BCC2B958CFD005ED937 /* Assets.xcassets */ = {isa = PBXFileReference; lastKnownFileType = folder.assetcatalog; path = Assets.xcassets; sourceTree = "<group>"; };
		95847BCF2B958CFD005ED937 /* Preview Assets.xcassets */ = {isa = PBXFileReference; lastKnownFileType = folder.assetcatalog; path = "Preview Assets.xcassets"; sourceTree = "<group>"; };
		95847BD62B958ED9005ED937 /* ActionSheetExample.swift */ = {isa = PBXFileReference; lastKnownFileType = sourcecode.swift; path = ActionSheetExample.swift; sourceTree = "<group>"; };
		95847BDC2B959308005ED937 /* Example.swift */ = {isa = PBXFileReference; lastKnownFileType = sourcecode.swift; path = Example.swift; sourceTree = "<group>"; };
		95847BE02B95C4B8005ED937 /* Constants.swift */ = {isa = PBXFileReference; lastKnownFileType = sourcecode.swift; path = Constants.swift; sourceTree = "<group>"; };
		95847BE22B95C5DE005ED937 /* AlertExample.swift */ = {isa = PBXFileReference; lastKnownFileType = sourcecode.swift; path = AlertExample.swift; sourceTree = "<group>"; };
		95847BE42B96FD7C005ED937 /* AsyncImageExample.swift */ = {isa = PBXFileReference; lastKnownFileType = sourcecode.swift; path = AsyncImageExample.swift; sourceTree = "<group>"; };
		95847BE62B970459005ED937 /* ButtonsExample.swift */ = {isa = PBXFileReference; lastKnownFileType = sourcecode.swift; path = ButtonsExample.swift; sourceTree = "<group>"; };
		95847BE82B986072005ED937 /* ColorExample.swift */ = {isa = PBXFileReference; lastKnownFileType = sourcecode.swift; path = ColorExample.swift; sourceTree = "<group>"; };
		95847BEA2B986426005ED937 /* ColorPickerExample.swift */ = {isa = PBXFileReference; lastKnownFileType = sourcecode.swift; path = ColorPickerExample.swift; sourceTree = "<group>"; };
		95847BEC2B98660B005ED937 /* DatePickerExample.swift */ = {isa = PBXFileReference; lastKnownFileType = sourcecode.swift; path = DatePickerExample.swift; sourceTree = "<group>"; };
		95847BEE2B9866FD005ED937 /* DividerExample.swift */ = {isa = PBXFileReference; lastKnownFileType = sourcecode.swift; path = DividerExample.swift; sourceTree = "<group>"; };
		95847BF02B986BC6005ED937 /* ContainerRelativeViewExample.swift */ = {isa = PBXFileReference; lastKnownFileType = sourcecode.swift; path = ContainerRelativeViewExample.swift; sourceTree = "<group>"; };
		95847BF22B99AD73005ED937 /* FormExample.swift */ = {isa = PBXFileReference; lastKnownFileType = sourcecode.swift; path = FormExample.swift; sourceTree = "<group>"; };
/* End PBXFileReference section */

/* Begin PBXFrameworksBuildPhase section */
		95847BC22B958CFB005ED937 /* Frameworks */ = {
			isa = PBXFrameworksBuildPhase;
			buildActionMask = 2147483647;
			files = (
			);
			runOnlyForDeploymentPostprocessing = 0;
		};
/* End PBXFrameworksBuildPhase section */

/* Begin PBXGroup section */
		95847BBC2B958CFB005ED937 = {
			isa = PBXGroup;
			children = (
				95847BC72B958CFB005ED937 /* SwiftUIWorkshop */,
				95847BC62B958CFB005ED937 /* Products */,
			);
			sourceTree = "<group>";
		};
		95847BC62B958CFB005ED937 /* Products */ = {
			isa = PBXGroup;
			children = (
				95847BC52B958CFB005ED937 /* SwiftUIWorkshop.app */,
			);
			name = Products;
			sourceTree = "<group>";
		};
		95847BC72B958CFB005ED937 /* SwiftUIWorkshop */ = {
			isa = PBXGroup;
			children = (
				95847BDF2B95C4A6005ED937 /* App */,
				95847BDB2B9592FC005ED937 /* Examples */,
				95847BDA2B9592F5005ED937 /* Models */,
				95847BDE2B95C495005ED937 /* Utilities */,
				95847BCC2B958CFD005ED937 /* Assets.xcassets */,
				95847BCE2B958CFD005ED937 /* Preview Content */,
			);
			path = SwiftUIWorkshop;
			sourceTree = "<group>";
		};
		95847BCE2B958CFD005ED937 /* Preview Content */ = {
			isa = PBXGroup;
			children = (
				95847BCF2B958CFD005ED937 /* Preview Assets.xcassets */,
			);
			path = "Preview Content";
			sourceTree = "<group>";
		};
		95847BDA2B9592F5005ED937 /* Models */ = {
			isa = PBXGroup;
			children = (
				95847BDC2B959308005ED937 /* Example.swift */,
			);
			path = Models;
			sourceTree = "<group>";
		};
		95847BDB2B9592FC005ED937 /* Examples */ = {
			isa = PBXGroup;
			children = (
				95847BD62B958ED9005ED937 /* ActionSheetExample.swift */,
				95847BE22B95C5DE005ED937 /* AlertExample.swift */,
				95847BE42B96FD7C005ED937 /* AsyncImageExample.swift */,
				95847BE62B970459005ED937 /* ButtonsExample.swift */,
				95847BE82B986072005ED937 /* ColorExample.swift */,
				95847BEA2B986426005ED937 /* ColorPickerExample.swift */,
				95847BEC2B98660B005ED937 /* DatePickerExample.swift */,
				95847BEE2B9866FD005ED937 /* DividerExample.swift */,
				95847BF02B986BC6005ED937 /* ContainerRelativeViewExample.swift */,
				95847BF22B99AD73005ED937 /* FormExample.swift */,
			);
			path = Examples;
			sourceTree = "<group>";
		};
		95847BDE2B95C495005ED937 /* Utilities */ = {
			isa = PBXGroup;
			children = (
				95847BE02B95C4B8005ED937 /* Constants.swift */,
			);
			path = Utilities;
			sourceTree = "<group>";
		};
		95847BDF2B95C4A6005ED937 /* App */ = {
			isa = PBXGroup;
			children = (
				95847BC82B958CFB005ED937 /* SwiftUIWorkshopApp.swift */,
				95847BCA2B958CFB005ED937 /* ContentView.swift */,
			);
			path = App;
			sourceTree = "<group>";
		};
/* End PBXGroup section */

/* Begin PBXNativeTarget section */
		95847BC42B958CFB005ED937 /* SwiftUIWorkshop */ = {
			isa = PBXNativeTarget;
			buildConfigurationList = 95847BD32B958CFD005ED937 /* Build configuration list for PBXNativeTarget "SwiftUIWorkshop" */;
			buildPhases = (
				95847BC12B958CFB005ED937 /* Sources */,
				95847BC22B958CFB005ED937 /* Frameworks */,
				95847BC32B958CFB005ED937 /* Resources */,
			);
			buildRules = (
			);
			dependencies = (
			);
			name = SwiftUIWorkshop;
			productName = SwiftUIWorkshop;
			productReference = 95847BC52B958CFB005ED937 /* SwiftUIWorkshop.app */;
			productType = "com.apple.product-type.application";
		};
/* End PBXNativeTarget section */

/* Begin PBXProject section */
		95847BBD2B958CFB005ED937 /* Project object */ = {
			isa = PBXProject;
			attributes = {
				BuildIndependentTargetsInParallel = 1;
				LastSwiftUpdateCheck = 1520;
				LastUpgradeCheck = 1520;
				TargetAttributes = {
					95847BC42B958CFB005ED937 = {
						CreatedOnToolsVersion = 15.2;
					};
				};
			};
			buildConfigurationList = 95847BC02B958CFB005ED937 /* Build configuration list for PBXProject "SwiftUIWorkshop" */;
			compatibilityVersion = "Xcode 14.0";
			developmentRegion = en;
			hasScannedForEncodings = 0;
			knownRegions = (
				en,
				Base,
			);
			mainGroup = 95847BBC2B958CFB005ED937;
			productRefGroup = 95847BC62B958CFB005ED937 /* Products */;
			projectDirPath = "";
			projectRoot = "";
			targets = (
				95847BC42B958CFB005ED937 /* SwiftUIWorkshop */,
			);
		};
/* End PBXProject section */

/* Begin PBXResourcesBuildPhase section */
		95847BC32B958CFB005ED937 /* Resources */ = {
			isa = PBXResourcesBuildPhase;
			buildActionMask = 2147483647;
			files = (
				95847BD02B958CFD005ED937 /* Preview Assets.xcassets in Resources */,
				95847BCD2B958CFD005ED937 /* Assets.xcassets in Resources */,
			);
			runOnlyForDeploymentPostprocessing = 0;
		};
/* End PBXResourcesBuildPhase section */

/* Begin PBXSourcesBuildPhase section */
		95847BC12B958CFB005ED937 /* Sources */ = {
			isa = PBXSourcesBuildPhase;
			buildActionMask = 2147483647;
			files = (
				95847BE52B96FD7C005ED937 /* AsyncImageExample.swift in Sources */,
				95847BE12B95C4B8005ED937 /* Constants.swift in Sources */,
				95847BE72B970459005ED937 /* ButtonsExample.swift in Sources */,
				95847BCB2B958CFB005ED937 /* ContentView.swift in Sources */,
				95847BEB2B986426005ED937 /* ColorPickerExample.swift in Sources */,
				95847BE92B986072005ED937 /* ColorExample.swift in Sources */,
				95847BF32B99AD73005ED937 /* FormExample.swift in Sources */,
				95847BC92B958CFB005ED937 /* SwiftUIWorkshopApp.swift in Sources */,
				95847BE32B95C5DE005ED937 /* AlertExample.swift in Sources */,
				95847BD72B958ED9005ED937 /* ActionSheetExample.swift in Sources */,
				95847BED2B98660B005ED937 /* DatePickerExample.swift in Sources */,
				95847BEF2B9866FD005ED937 /* DividerExample.swift in Sources */,
				95847BDD2B959308005ED937 /* Example.swift in Sources */,
				95847BF12B986BC6005ED937 /* ContainerRelativeViewExample.swift in Sources */,
			);
			runOnlyForDeploymentPostprocessing = 0;
		};
/* End PBXSourcesBuildPhase section */

/* Begin XCBuildConfiguration section */
		95847BD12B958CFD005ED937 /* Debug */ = {
			isa = XCBuildConfiguration;
			buildSettings = {
				ALWAYS_SEARCH_USER_PATHS = NO;
				ASSETCATALOG_COMPILER_GENERATE_SWIFT_ASSET_SYMBOL_EXTENSIONS = YES;
				CLANG_ANALYZER_NONNULL = YES;
				CLANG_ANALYZER_NUMBER_OBJECT_CONVERSION = YES_AGGRESSIVE;
				CLANG_CXX_LANGUAGE_STANDARD = "gnu++20";
				CLANG_ENABLE_MODULES = YES;
				CLANG_ENABLE_OBJC_ARC = YES;
				CLANG_ENABLE_OBJC_WEAK = YES;
				CLANG_WARN_BLOCK_CAPTURE_AUTORELEASING = YES;
				CLANG_WARN_BOOL_CONVERSION = YES;
				CLANG_WARN_COMMA = YES;
				CLANG_WARN_CONSTANT_CONVERSION = YES;
				CLANG_WARN_DEPRECATED_OBJC_IMPLEMENTATIONS = YES;
				CLANG_WARN_DIRECT_OBJC_ISA_USAGE = YES_ERROR;
				CLANG_WARN_DOCUMENTATION_COMMENTS = YES;
				CLANG_WARN_EMPTY_BODY = YES;
				CLANG_WARN_ENUM_CONVERSION = YES;
				CLANG_WARN_INFINITE_RECURSION = YES;
				CLANG_WARN_INT_CONVERSION = YES;
				CLANG_WARN_NON_LITERAL_NULL_CONVERSION = YES;
				CLANG_WARN_OBJC_IMPLICIT_RETAIN_SELF = YES;
				CLANG_WARN_OBJC_LITERAL_CONVERSION = YES;
				CLANG_WARN_OBJC_ROOT_CLASS = YES_ERROR;
				CLANG_WARN_QUOTED_INCLUDE_IN_FRAMEWORK_HEADER = YES;
				CLANG_WARN_RANGE_LOOP_ANALYSIS = YES;
				CLANG_WARN_STRICT_PROTOTYPES = YES;
				CLANG_WARN_SUSPICIOUS_MOVE = YES;
				CLANG_WARN_UNGUARDED_AVAILABILITY = YES_AGGRESSIVE;
				CLANG_WARN_UNREACHABLE_CODE = YES;
				CLANG_WARN__DUPLICATE_METHOD_MATCH = YES;
				COPY_PHASE_STRIP = NO;
				DEBUG_INFORMATION_FORMAT = dwarf;
				ENABLE_STRICT_OBJC_MSGSEND = YES;
				ENABLE_TESTABILITY = YES;
				ENABLE_USER_SCRIPT_SANDBOXING = YES;
				GCC_C_LANGUAGE_STANDARD = gnu17;
				GCC_DYNAMIC_NO_PIC = NO;
				GCC_NO_COMMON_BLOCKS = YES;
				GCC_OPTIMIZATION_LEVEL = 0;
				GCC_PREPROCESSOR_DEFINITIONS = (
					"DEBUG=1",
					"$(inherited)",
				);
				GCC_WARN_64_TO_32_BIT_CONVERSION = YES;
				GCC_WARN_ABOUT_RETURN_TYPE = YES_ERROR;
				GCC_WARN_UNDECLARED_SELECTOR = YES;
				GCC_WARN_UNINITIALIZED_AUTOS = YES_AGGRESSIVE;
				GCC_WARN_UNUSED_FUNCTION = YES;
				GCC_WARN_UNUSED_VARIABLE = YES;
				IPHONEOS_DEPLOYMENT_TARGET = 17.2;
				LOCALIZATION_PREFERS_STRING_CATALOGS = YES;
				MTL_ENABLE_DEBUG_INFO = INCLUDE_SOURCE;
				MTL_FAST_MATH = YES;
				ONLY_ACTIVE_ARCH = YES;
				SDKROOT = iphoneos;
				SWIFT_ACTIVE_COMPILATION_CONDITIONS = "DEBUG $(inherited)";
				SWIFT_OPTIMIZATION_LEVEL = "-Onone";
			};
			name = Debug;
		};
		95847BD22B958CFD005ED937 /* Release */ = {
			isa = XCBuildConfiguration;
			buildSettings = {
				ALWAYS_SEARCH_USER_PATHS = NO;
				ASSETCATALOG_COMPILER_GENERATE_SWIFT_ASSET_SYMBOL_EXTENSIONS = YES;
				CLANG_ANALYZER_NONNULL = YES;
				CLANG_ANALYZER_NUMBER_OBJECT_CONVERSION = YES_AGGRESSIVE;
				CLANG_CXX_LANGUAGE_STANDARD = "gnu++20";
				CLANG_ENABLE_MODULES = YES;
				CLANG_ENABLE_OBJC_ARC = YES;
				CLANG_ENABLE_OBJC_WEAK = YES;
				CLANG_WARN_BLOCK_CAPTURE_AUTORELEASING = YES;
				CLANG_WARN_BOOL_CONVERSION = YES;
				CLANG_WARN_COMMA = YES;
				CLANG_WARN_CONSTANT_CONVERSION = YES;
				CLANG_WARN_DEPRECATED_OBJC_IMPLEMENTATIONS = YES;
				CLANG_WARN_DIRECT_OBJC_ISA_USAGE = YES_ERROR;
				CLANG_WARN_DOCUMENTATION_COMMENTS = YES;
				CLANG_WARN_EMPTY_BODY = YES;
				CLANG_WARN_ENUM_CONVERSION = YES;
				CLANG_WARN_INFINITE_RECURSION = YES;
				CLANG_WARN_INT_CONVERSION = YES;
				CLANG_WARN_NON_LITERAL_NULL_CONVERSION = YES;
				CLANG_WARN_OBJC_IMPLICIT_RETAIN_SELF = YES;
				CLANG_WARN_OBJC_LITERAL_CONVERSION = YES;
				CLANG_WARN_OBJC_ROOT_CLASS = YES_ERROR;
				CLANG_WARN_QUOTED_INCLUDE_IN_FRAMEWORK_HEADER = YES;
				CLANG_WARN_RANGE_LOOP_ANALYSIS = YES;
				CLANG_WARN_STRICT_PROTOTYPES = YES;
				CLANG_WARN_SUSPICIOUS_MOVE = YES;
				CLANG_WARN_UNGUARDED_AVAILABILITY = YES_AGGRESSIVE;
				CLANG_WARN_UNREACHABLE_CODE = YES;
				CLANG_WARN__DUPLICATE_METHOD_MATCH = YES;
				COPY_PHASE_STRIP = NO;
				DEBUG_INFORMATION_FORMAT = "dwarf-with-dsym";
				ENABLE_NS_ASSERTIONS = NO;
				ENABLE_STRICT_OBJC_MSGSEND = YES;
				ENABLE_USER_SCRIPT_SANDBOXING = YES;
				GCC_C_LANGUAGE_STANDARD = gnu17;
				GCC_NO_COMMON_BLOCKS = YES;
				GCC_WARN_64_TO_32_BIT_CONVERSION = YES;
				GCC_WARN_ABOUT_RETURN_TYPE = YES_ERROR;
				GCC_WARN_UNDECLARED_SELECTOR = YES;
				GCC_WARN_UNINITIALIZED_AUTOS = YES_AGGRESSIVE;
				GCC_WARN_UNUSED_FUNCTION = YES;
				GCC_WARN_UNUSED_VARIABLE = YES;
				IPHONEOS_DEPLOYMENT_TARGET = 17.2;
				LOCALIZATION_PREFERS_STRING_CATALOGS = YES;
				MTL_ENABLE_DEBUG_INFO = NO;
				MTL_FAST_MATH = YES;
				SDKROOT = iphoneos;
				SWIFT_COMPILATION_MODE = wholemodule;
				VALIDATE_PRODUCT = YES;
			};
			name = Release;
		};
		95847BD42B958CFD005ED937 /* Debug */ = {
			isa = XCBuildConfiguration;
			buildSettings = {
				ASSETCATALOG_COMPILER_APPICON_NAME = AppIcon;
				ASSETCATALOG_COMPILER_GLOBAL_ACCENT_COLOR_NAME = AccentColor;
				CODE_SIGN_STYLE = Automatic;
				CURRENT_PROJECT_VERSION = 1;
				DEVELOPMENT_ASSET_PATHS = "\"SwiftUIWorkshop/Preview Content\"";
				DEVELOPMENT_TEAM = 5PWYZ4J78Z;
				ENABLE_PREVIEWS = YES;
				GENERATE_INFOPLIST_FILE = YES;
				INFOPLIST_KEY_UIApplicationSceneManifest_Generation = YES;
				INFOPLIST_KEY_UIApplicationSupportsIndirectInputEvents = YES;
				INFOPLIST_KEY_UILaunchScreen_Generation = YES;
				INFOPLIST_KEY_UISupportedInterfaceOrientations_iPad = "UIInterfaceOrientationPortrait UIInterfaceOrientationPortraitUpsideDown UIInterfaceOrientationLandscapeLeft UIInterfaceOrientationLandscapeRight";
				INFOPLIST_KEY_UISupportedInterfaceOrientations_iPhone = "UIInterfaceOrientationPortrait UIInterfaceOrientationLandscapeLeft UIInterfaceOrientationLandscapeRight";
				LD_RUNPATH_SEARCH_PATHS = (
					"$(inherited)",
					"@executable_path/Frameworks",
				);
				MARKETING_VERSION = 1.0;
				PRODUCT_BUNDLE_IDENTIFIER = com.tokayon.SwiftUIWorkshop;
				PRODUCT_NAME = "$(TARGET_NAME)";
				SWIFT_EMIT_LOC_STRINGS = YES;
				SWIFT_VERSION = 5.0;
				TARGETED_DEVICE_FAMILY = "1,2";
			};
			name = Debug;
		};
		95847BD52B958CFD005ED937 /* Release */ = {
			isa = XCBuildConfiguration;
			buildSettings = {
				ASSETCATALOG_COMPILER_APPICON_NAME = AppIcon;
				ASSETCATALOG_COMPILER_GLOBAL_ACCENT_COLOR_NAME = AccentColor;
				CODE_SIGN_STYLE = Automatic;
				CURRENT_PROJECT_VERSION = 1;
				DEVELOPMENT_ASSET_PATHS = "\"SwiftUIWorkshop/Preview Content\"";
				DEVELOPMENT_TEAM = 5PWYZ4J78Z;
				ENABLE_PREVIEWS = YES;
				GENERATE_INFOPLIST_FILE = YES;
				INFOPLIST_KEY_UIApplicationSceneManifest_Generation = YES;
				INFOPLIST_KEY_UIApplicationSupportsIndirectInputEvents = YES;
				INFOPLIST_KEY_UILaunchScreen_Generation = YES;
				INFOPLIST_KEY_UISupportedInterfaceOrientations_iPad = "UIInterfaceOrientationPortrait UIInterfaceOrientationPortraitUpsideDown UIInterfaceOrientationLandscapeLeft UIInterfaceOrientationLandscapeRight";
				INFOPLIST_KEY_UISupportedInterfaceOrientations_iPhone = "UIInterfaceOrientationPortrait UIInterfaceOrientationLandscapeLeft UIInterfaceOrientationLandscapeRight";
				LD_RUNPATH_SEARCH_PATHS = (
					"$(inherited)",
					"@executable_path/Frameworks",
				);
				MARKETING_VERSION = 1.0;
				PRODUCT_BUNDLE_IDENTIFIER = com.tokayon.SwiftUIWorkshop;
				PRODUCT_NAME = "$(TARGET_NAME)";
				SWIFT_EMIT_LOC_STRINGS = YES;
				SWIFT_VERSION = 5.0;
				TARGETED_DEVICE_FAMILY = "1,2";
			};
			name = Release;
		};
/* End XCBuildConfiguration section */

/* Begin XCConfigurationList section */
		95847BC02B958CFB005ED937 /* Build configuration list for PBXProject "SwiftUIWorkshop" */ = {
			isa = XCConfigurationList;
			buildConfigurations = (
				95847BD12B958CFD005ED937 /* Debug */,
				95847BD22B958CFD005ED937 /* Release */,
			);
			defaultConfigurationIsVisible = 0;
			defaultConfigurationName = Release;
		};
		95847BD32B958CFD005ED937 /* Build configuration list for PBXNativeTarget "SwiftUIWorkshop" */ = {
			isa = XCConfigurationList;
			buildConfigurations = (
				95847BD42B958CFD005ED937 /* Debug */,
				95847BD52B958CFD005ED937 /* Release */,
			);
			defaultConfigurationIsVisible = 0;
			defaultConfigurationName = Release;
		};
/* End XCConfigurationList section */
	};
	rootObject = 95847BBD2B958CFB005ED937 /* Project object */;
}
